// !$*UTF8*$!
{
	archiveVersion = 1;
	classes = {
	};
	objectVersion = 55;
	objects = {

/* Begin PBXBuildFile section */
		D3511C01289E737F00371DD8 /* SampleAppMacApp.swift in Sources */ = {isa = PBXBuildFile; fileRef = D3511C00289E737F00371DD8 /* SampleAppMacApp.swift */; };
		D3511C03289E737F00371DD8 /* ContentView.swift in Sources */ = {isa = PBXBuildFile; fileRef = D3511C02289E737F00371DD8 /* ContentView.swift */; };
		D3511C05289E737F00371DD8 /* Assets.xcassets in Resources */ = {isa = PBXBuildFile; fileRef = D3511C04289E737F00371DD8 /* Assets.xcassets */; };
		D3511C08289E737F00371DD8 /* Preview Assets.xcassets in Resources */ = {isa = PBXBuildFile; fileRef = D3511C07289E737F00371DD8 /* Preview Assets.xcassets */; };
		D3511C11289E738D00371DD8 /* Sidebar.swift in Sources */ = {isa = PBXBuildFile; fileRef = D3511C10289E738D00371DD8 /* Sidebar.swift */; };
		D3511C13289E73FD00371DD8 /* Level2View.swift in Sources */ = {isa = PBXBuildFile; fileRef = D3511C12289E73FD00371DD8 /* Level2View.swift */; };
		D3511C1A289E74D400371DD8 /* Level.swift in Sources */ = {isa = PBXBuildFile; fileRef = D3511C19289E74D300371DD8 /* Level.swift */; };
		D3511C1E289E74F800371DD8 /* Level2Model.swift in Sources */ = {isa = PBXBuildFile; fileRef = D3511C1D289E74F800371DD8 /* Level2Model.swift */; };
		D3511C20289E751000371DD8 /* Level1Model.swift in Sources */ = {isa = PBXBuildFile; fileRef = D3511C1F289E751000371DD8 /* Level1Model.swift */; };
		D3511C24289F508D00371DD8 /* Level3Model.swift in Sources */ = {isa = PBXBuildFile; fileRef = D3511C23289F508D00371DD8 /* Level3Model.swift */; };
		D3511C26289F50C600371DD8 /* Level4Model.swift in Sources */ = {isa = PBXBuildFile; fileRef = D3511C25289F50C600371DD8 /* Level4Model.swift */; };
		D3511C2C289F55C700371DD8 /* Level3View.swift in Sources */ = {isa = PBXBuildFile; fileRef = D3511C2B289F55C700371DD8 /* Level3View.swift */; };
		D3511C2E289F56F200371DD8 /* Level4View.swift in Sources */ = {isa = PBXBuildFile; fileRef = D3511C2D289F56F200371DD8 /* Level4View.swift */; };
		D3511C30289F5B9B00371DD8 /* DetailView.swift in Sources */ = {isa = PBXBuildFile; fileRef = D3511C2F289F5B9B00371DD8 /* DetailView.swift */; };
		D3511C33289F72C400371DD8 /* NeumorphicButtonStyle.swift in Sources */ = {isa = PBXBuildFile; fileRef = D3511C32289F72C400371DD8 /* NeumorphicButtonStyle.swift */; };
		D3D0C0CA28A5B850007C2E25 /* FunctionalView.swift in Sources */ = {isa = PBXBuildFile; fileRef = D3D0C0C928A5B850007C2E25 /* FunctionalView.swift */; };
/* End PBXBuildFile section */

/* Begin PBXFileReference section */
		D3511BFD289E737F00371DD8 /* SampleAppMac.app */ = {isa = PBXFileReference; explicitFileType = wrapper.application; includeInIndex = 0; path = SampleAppMac.app; sourceTree = BUILT_PRODUCTS_DIR; };
		D3511C00289E737F00371DD8 /* SampleAppMacApp.swift */ = {isa = PBXFileReference; lastKnownFileType = sourcecode.swift; path = SampleAppMacApp.swift; sourceTree = "<group>"; };
		D3511C02289E737F00371DD8 /* ContentView.swift */ = {isa = PBXFileReference; lastKnownFileType = sourcecode.swift; path = ContentView.swift; sourceTree = "<group>"; };
		D3511C04289E737F00371DD8 /* Assets.xcassets */ = {isa = PBXFileReference; lastKnownFileType = folder.assetcatalog; path = Assets.xcassets; sourceTree = "<group>"; };
		D3511C07289E737F00371DD8 /* Preview Assets.xcassets */ = {isa = PBXFileReference; lastKnownFileType = folder.assetcatalog; path = "Preview Assets.xcassets"; sourceTree = "<group>"; };
		D3511C09289E737F00371DD8 /* SampleAppMac.entitlements */ = {isa = PBXFileReference; lastKnownFileType = text.plist.entitlements; path = SampleAppMac.entitlements; sourceTree = "<group>"; };
		D3511C10289E738D00371DD8 /* Sidebar.swift */ = {isa = PBXFileReference; fileEncoding = 4; lastKnownFileType = sourcecode.swift; path = Sidebar.swift; sourceTree = "<group>"; };
		D3511C12289E73FD00371DD8 /* Level2View.swift */ = {isa = PBXFileReference; lastKnownFileType = sourcecode.swift; path = Level2View.swift; sourceTree = "<group>"; };
		D3511C19289E74D300371DD8 /* Level.swift */ = {isa = PBXFileReference; lastKnownFileType = sourcecode.swift; path = Level.swift; sourceTree = "<group>"; };
		D3511C1D289E74F800371DD8 /* Level2Model.swift */ = {isa = PBXFileReference; lastKnownFileType = sourcecode.swift; path = Level2Model.swift; sourceTree = "<group>"; };
		D3511C1F289E751000371DD8 /* Level1Model.swift */ = {isa = PBXFileReference; lastKnownFileType = sourcecode.swift; path = Level1Model.swift; sourceTree = "<group>"; };
		D3511C23289F508D00371DD8 /* Level3Model.swift */ = {isa = PBXFileReference; lastKnownFileType = sourcecode.swift; path = Level3Model.swift; sourceTree = "<group>"; };
		D3511C25289F50C600371DD8 /* Level4Model.swift */ = {isa = PBXFileReference; lastKnownFileType = sourcecode.swift; path = Level4Model.swift; sourceTree = "<group>"; };
		D3511C2B289F55C700371DD8 /* Level3View.swift */ = {isa = PBXFileReference; lastKnownFileType = sourcecode.swift; path = Level3View.swift; sourceTree = "<group>"; };
		D3511C2D289F56F200371DD8 /* Level4View.swift */ = {isa = PBXFileReference; lastKnownFileType = sourcecode.swift; path = Level4View.swift; sourceTree = "<group>"; };
		D3511C2F289F5B9B00371DD8 /* DetailView.swift */ = {isa = PBXFileReference; lastKnownFileType = sourcecode.swift; path = DetailView.swift; sourceTree = "<group>"; };
		D3511C32289F72C400371DD8 /* NeumorphicButtonStyle.swift */ = {isa = PBXFileReference; lastKnownFileType = sourcecode.swift; path = NeumorphicButtonStyle.swift; sourceTree = "<group>"; };
		D3D0C0C928A5B850007C2E25 /* FunctionalView.swift */ = {isa = PBXFileReference; lastKnownFileType = sourcecode.swift; path = FunctionalView.swift; sourceTree = "<group>"; };
/* End PBXFileReference section */

/* Begin PBXFrameworksBuildPhase section */
		D3511BFA289E737F00371DD8 /* Frameworks */ = {
			isa = PBXFrameworksBuildPhase;
			buildActionMask = 2147483647;
			files = (
			);
			runOnlyForDeploymentPostprocessing = 0;
		};
/* End PBXFrameworksBuildPhase section */

/* Begin PBXGroup section */
		D3511BF4289E737F00371DD8 = {
			isa = PBXGroup;
			children = (
				D3511BFF289E737F00371DD8 /* SampleAppMac */,
				D3511BFE289E737F00371DD8 /* Products */,
			);
			sourceTree = "<group>";
		};
		D3511BFE289E737F00371DD8 /* Products */ = {
			isa = PBXGroup;
			children = (
				D3511BFD289E737F00371DD8 /* SampleAppMac.app */,
			);
			name = Products;
			sourceTree = "<group>";
		};
		D3511BFF289E737F00371DD8 /* SampleAppMac */ = {
			isa = PBXGroup;
			children = (
				D3511C0F289E738D00371DD8 /* Sidebar */,
				D3511C00289E737F00371DD8 /* SampleAppMacApp.swift */,
				D3511C02289E737F00371DD8 /* ContentView.swift */,
				D3D0C0C928A5B850007C2E25 /* FunctionalView.swift */,
				D3511C04289E737F00371DD8 /* Assets.xcassets */,
				D3511C09289E737F00371DD8 /* SampleAppMac.entitlements */,
				D3511C06289E737F00371DD8 /* Preview Content */,
			);
			path = SampleAppMac;
			sourceTree = "<group>";
		};
		D3511C06289E737F00371DD8 /* Preview Content */ = {
			isa = PBXGroup;
			children = (
				D3511C07289E737F00371DD8 /* Preview Assets.xcassets */,
			);
			path = "Preview Content";
			sourceTree = "<group>";
		};
		D3511C0F289E738D00371DD8 /* Sidebar */ = {
			isa = PBXGroup;
			children = (
				D3511C18289E74C800371DD8 /* ViewModel */,
				D3511C10289E738D00371DD8 /* Sidebar.swift */,
				D3511C12289E73FD00371DD8 /* Level2View.swift */,
				D3511C31289F5F2400371DD8 /* Detail */,
				D3511C32289F72C400371DD8 /* NeumorphicButtonStyle.swift */,
			);
			path = Sidebar;
			sourceTree = "<group>";
		};
		D3511C18289E74C800371DD8 /* ViewModel */ = {
			isa = PBXGroup;
			children = (
				D3511C19289E74D300371DD8 /* Level.swift */,
				D3511C1F289E751000371DD8 /* Level1Model.swift */,
				D3511C1D289E74F800371DD8 /* Level2Model.swift */,
				D3511C23289F508D00371DD8 /* Level3Model.swift */,
				D3511C25289F50C600371DD8 /* Level4Model.swift */,
			);
			path = ViewModel;
			sourceTree = "<group>";
		};
		D3511C31289F5F2400371DD8 /* Detail */ = {
			isa = PBXGroup;
			children = (
				D3511C2F289F5B9B00371DD8 /* DetailView.swift */,
				D3511C2B289F55C700371DD8 /* Level3View.swift */,
				D3511C2D289F56F200371DD8 /* Level4View.swift */,
			);
			path = Detail;
			sourceTree = "<group>";
		};
/* End PBXGroup section */

/* Begin PBXNativeTarget section */
		D3511BFC289E737F00371DD8 /* SampleAppMac */ = {
			isa = PBXNativeTarget;
			buildConfigurationList = D3511C0C289E737F00371DD8 /* Build configuration list for PBXNativeTarget "SampleAppMac" */;
			buildPhases = (
				D3511BF9289E737F00371DD8 /* Sources */,
				D3511BFA289E737F00371DD8 /* Frameworks */,
				D3511BFB289E737F00371DD8 /* Resources */,
			);
			buildRules = (
			);
			dependencies = (
			);
			name = SampleAppMac;
			productName = SampleAppMac;
			productReference = D3511BFD289E737F00371DD8 /* SampleAppMac.app */;
			productType = "com.apple.product-type.application";
		};
/* End PBXNativeTarget section */

/* Begin PBXProject section */
		D3511BF5289E737F00371DD8 /* Project object */ = {
			isa = PBXProject;
			attributes = {
				BuildIndependentTargetsInParallel = 1;
				LastSwiftUpdateCheck = 1340;
				LastUpgradeCheck = 1340;
				TargetAttributes = {
					D3511BFC289E737F00371DD8 = {
						CreatedOnToolsVersion = 13.4.1;
					};
				};
			};
			buildConfigurationList = D3511BF8289E737F00371DD8 /* Build configuration list for PBXProject "SampleAppMac" */;
			compatibilityVersion = "Xcode 13.0";
			developmentRegion = en;
			hasScannedForEncodings = 0;
			knownRegions = (
				en,
				Base,
			);
			mainGroup = D3511BF4289E737F00371DD8;
			productRefGroup = D3511BFE289E737F00371DD8 /* Products */;
			projectDirPath = "";
			projectRoot = "";
			targets = (
				D3511BFC289E737F00371DD8 /* SampleAppMac */,
			);
		};
/* End PBXProject section */

/* Begin PBXResourcesBuildPhase section */
		D3511BFB289E737F00371DD8 /* Resources */ = {
			isa = PBXResourcesBuildPhase;
			buildActionMask = 2147483647;
			files = (
				D3511C08289E737F00371DD8 /* Preview Assets.xcassets in Resources */,
				D3511C05289E737F00371DD8 /* Assets.xcassets in Resources */,
			);
			runOnlyForDeploymentPostprocessing = 0;
		};
/* End PBXResourcesBuildPhase section */

/* Begin PBXSourcesBuildPhase section */
		D3511BF9289E737F00371DD8 /* Sources */ = {
			isa = PBXSourcesBuildPhase;
			buildActionMask = 2147483647;
			files = (
				D3511C26289F50C600371DD8 /* Level4Model.swift in Sources */,
				D3511C30289F5B9B00371DD8 /* DetailView.swift in Sources */,
				D3511C2C289F55C700371DD8 /* Level3View.swift in Sources */,
				D3511C33289F72C400371DD8 /* NeumorphicButtonStyle.swift in Sources */,
				D3511C2E289F56F200371DD8 /* Level4View.swift in Sources */,
				D3511C1E289E74F800371DD8 /* Level2Model.swift in Sources */,
				D3511C24289F508D00371DD8 /* Level3Model.swift in Sources */,
				D3511C03289E737F00371DD8 /* ContentView.swift in Sources */,
				D3D0C0CA28A5B850007C2E25 /* FunctionalView.swift in Sources */,
				D3511C13289E73FD00371DD8 /* Level2View.swift in Sources */,
				D3511C20289E751000371DD8 /* Level1Model.swift in Sources */,
				D3511C11289E738D00371DD8 /* Sidebar.swift in Sources */,
				D3511C01289E737F00371DD8 /* SampleAppMacApp.swift in Sources */,
				D3511C1A289E74D400371DD8 /* Level.swift in Sources */,
			);
			runOnlyForDeploymentPostprocessing = 0;
		};
/* End PBXSourcesBuildPhase section */

/* Begin XCBuildConfiguration section */
		D3511C0A289E737F00371DD8 /* Debug */ = {
			isa = XCBuildConfiguration;
			buildSettings = {
				ALWAYS_SEARCH_USER_PATHS = NO;
				CLANG_ANALYZER_NONNULL = YES;
				CLANG_ANALYZER_NUMBER_OBJECT_CONVERSION = YES_AGGRESSIVE;
				CLANG_CXX_LANGUAGE_STANDARD = "gnu++17";
				CLANG_ENABLE_MODULES = YES;
				CLANG_ENABLE_OBJC_ARC = YES;
				CLANG_ENABLE_OBJC_WEAK = YES;
				CLANG_WARN_BLOCK_CAPTURE_AUTORELEASING = YES;
				CLANG_WARN_BOOL_CONVERSION = YES;
				CLANG_WARN_COMMA = YES;
				CLANG_WARN_CONSTANT_CONVERSION = YES;
				CLANG_WARN_DEPRECATED_OBJC_IMPLEMENTATIONS = YES;
				CLANG_WARN_DIRECT_OBJC_ISA_USAGE = YES_ERROR;
				CLANG_WARN_DOCUMENTATION_COMMENTS = YES;
				CLANG_WARN_EMPTY_BODY = YES;
				CLANG_WARN_ENUM_CONVERSION = YES;
				CLANG_WARN_INFINITE_RECURSION = YES;
				CLANG_WARN_INT_CONVERSION = YES;
				CLANG_WARN_NON_LITERAL_NULL_CONVERSION = YES;
				CLANG_WARN_OBJC_IMPLICIT_RETAIN_SELF = YES;
				CLANG_WARN_OBJC_LITERAL_CONVERSION = YES;
				CLANG_WARN_OBJC_ROOT_CLASS = YES_ERROR;
				CLANG_WARN_QUOTED_INCLUDE_IN_FRAMEWORK_HEADER = YES;
				CLANG_WARN_RANGE_LOOP_ANALYSIS = YES;
				CLANG_WARN_STRICT_PROTOTYPES = YES;
				CLANG_WARN_SUSPICIOUS_MOVE = YES;
				CLANG_WARN_UNGUARDED_AVAILABILITY = YES_AGGRESSIVE;
				CLANG_WARN_UNREACHABLE_CODE = YES;
				CLANG_WARN__DUPLICATE_METHOD_MATCH = YES;
				COPY_PHASE_STRIP = NO;
				DEBUG_INFORMATION_FORMAT = dwarf;
				ENABLE_STRICT_OBJC_MSGSEND = YES;
				ENABLE_TESTABILITY = YES;
				GCC_C_LANGUAGE_STANDARD = gnu11;
				GCC_DYNAMIC_NO_PIC = NO;
				GCC_NO_COMMON_BLOCKS = YES;
				GCC_OPTIMIZATION_LEVEL = 0;
				GCC_PREPROCESSOR_DEFINITIONS = (
					"DEBUG=1",
					"$(inherited)",
				);
				GCC_WARN_64_TO_32_BIT_CONVERSION = YES;
				GCC_WARN_ABOUT_RETURN_TYPE = YES_ERROR;
				GCC_WARN_UNDECLARED_SELECTOR = YES;
				GCC_WARN_UNINITIALIZED_AUTOS = YES_AGGRESSIVE;
				GCC_WARN_UNUSED_FUNCTION = YES;
				GCC_WARN_UNUSED_VARIABLE = YES;
				MACOSX_DEPLOYMENT_TARGET = 12.3;
				MTL_ENABLE_DEBUG_INFO = INCLUDE_SOURCE;
				MTL_FAST_MATH = YES;
				ONLY_ACTIVE_ARCH = YES;
				SDKROOT = macosx;
				SWIFT_ACTIVE_COMPILATION_CONDITIONS = DEBUG;
				SWIFT_OPTIMIZATION_LEVEL = "-Onone";
			};
			name = Debug;
		};
		D3511C0B289E737F00371DD8 /* Release */ = {
			isa = XCBuildConfiguration;
			buildSettings = {
				ALWAYS_SEARCH_USER_PATHS = NO;
				CLANG_ANALYZER_NONNULL = YES;
				CLANG_ANALYZER_NUMBER_OBJECT_CONVERSION = YES_AGGRESSIVE;
				CLANG_CXX_LANGUAGE_STANDARD = "gnu++17";
				CLANG_ENABLE_MODULES = YES;
				CLANG_ENABLE_OBJC_ARC = YES;
				CLANG_ENABLE_OBJC_WEAK = YES;
				CLANG_WARN_BLOCK_CAPTURE_AUTORELEASING = YES;
				CLANG_WARN_BOOL_CONVERSION = YES;
				CLANG_WARN_COMMA = YES;
				CLANG_WARN_CONSTANT_CONVERSION = YES;
				CLANG_WARN_DEPRECATED_OBJC_IMPLEMENTATIONS = YES;
				CLANG_WARN_DIRECT_OBJC_ISA_USAGE = YES_ERROR;
				CLANG_WARN_DOCUMENTATION_COMMENTS = YES;
				CLANG_WARN_EMPTY_BODY = YES;
				CLANG_WARN_ENUM_CONVERSION = YES;
				CLANG_WARN_INFINITE_RECURSION = YES;
				CLANG_WARN_INT_CONVERSION = YES;
				CLANG_WARN_NON_LITERAL_NULL_CONVERSION = YES;
				CLANG_WARN_OBJC_IMPLICIT_RETAIN_SELF = YES;
				CLANG_WARN_OBJC_LITERAL_CONVERSION = YES;
				CLANG_WARN_OBJC_ROOT_CLASS = YES_ERROR;
				CLANG_WARN_QUOTED_INCLUDE_IN_FRAMEWORK_HEADER = YES;
				CLANG_WARN_RANGE_LOOP_ANALYSIS = YES;
				CLANG_WARN_STRICT_PROTOTYPES = YES;
				CLANG_WARN_SUSPICIOUS_MOVE = YES;
				CLANG_WARN_UNGUARDED_AVAILABILITY = YES_AGGRESSIVE;
				CLANG_WARN_UNREACHABLE_CODE = YES;
				CLANG_WARN__DUPLICATE_METHOD_MATCH = YES;
				COPY_PHASE_STRIP = NO;
				DEBUG_INFORMATION_FORMAT = "dwarf-with-dsym";
				ENABLE_NS_ASSERTIONS = NO;
				ENABLE_STRICT_OBJC_MSGSEND = YES;
				GCC_C_LANGUAGE_STANDARD = gnu11;
				GCC_NO_COMMON_BLOCKS = YES;
				GCC_WARN_64_TO_32_BIT_CONVERSION = YES;
				GCC_WARN_ABOUT_RETURN_TYPE = YES_ERROR;
				GCC_WARN_UNDECLARED_SELECTOR = YES;
				GCC_WARN_UNINITIALIZED_AUTOS = YES_AGGRESSIVE;
				GCC_WARN_UNUSED_FUNCTION = YES;
				GCC_WARN_UNUSED_VARIABLE = YES;
				MACOSX_DEPLOYMENT_TARGET = 12.3;
				MTL_ENABLE_DEBUG_INFO = NO;
				MTL_FAST_MATH = YES;
				SDKROOT = macosx;
				SWIFT_COMPILATION_MODE = wholemodule;
				SWIFT_OPTIMIZATION_LEVEL = "-O";
			};
			name = Release;
		};
		D3511C0D289E737F00371DD8 /* Debug */ = {
			isa = XCBuildConfiguration;
			buildSettings = {
				ASSETCATALOG_COMPILER_APPICON_NAME = AppIcon;
				ASSETCATALOG_COMPILER_GLOBAL_ACCENT_COLOR_NAME = AccentColor;
				CODE_SIGN_ENTITLEMENTS = SampleAppMac/SampleAppMac.entitlements;
				CODE_SIGN_STYLE = Automatic;
				COMBINE_HIDPI_IMAGES = YES;
				CURRENT_PROJECT_VERSION = 1;
				DEVELOPMENT_ASSET_PATHS = "\"SampleAppMac/Preview Content\"";
				ENABLE_PREVIEWS = YES;
				GENERATE_INFOPLIST_FILE = YES;
				INFOPLIST_KEY_NSHumanReadableCopyright = "";
				LD_RUNPATH_SEARCH_PATHS = (
					"$(inherited)",
					"@executable_path/../Frameworks",
				);
				MARKETING_VERSION = 1.0;
				PRODUCT_BUNDLE_IDENTIFIER = com.haikaito.SampleAppMac;
				PRODUCT_NAME = "$(TARGET_NAME)";
				SWIFT_EMIT_LOC_STRINGS = YES;
				SWIFT_VERSION = 5.0;
			};
			name = Debug;
		};
		D3511C0E289E737F00371DD8 /* Release */ = {
			isa = XCBuildConfiguration;
			buildSettings = {
				ASSETCATALOG_COMPILER_APPICON_NAME = AppIcon;
				ASSETCATALOG_COMPILER_GLOBAL_ACCENT_COLOR_NAME = AccentColor;
				CODE_SIGN_ENTITLEMENTS = SampleAppMac/SampleAppMac.entitlements;
				CODE_SIGN_STYLE = Automatic;
				COMBINE_HIDPI_IMAGES = YES;
				CURRENT_PROJECT_VERSION = 1;
				DEVELOPMENT_ASSET_PATHS = "\"SampleAppMac/Preview Content\"";
				ENABLE_PREVIEWS = YES;
				GENERATE_INFOPLIST_FILE = YES;
				INFOPLIST_KEY_NSHumanReadableCopyright = "";
				LD_RUNPATH_SEARCH_PATHS = (
					"$(inherited)",
					"@executable_path/../Frameworks",
				);
				MARKETING_VERSION = 1.0;
				PRODUCT_BUNDLE_IDENTIFIER = com.haikaito.SampleAppMac;
				PRODUCT_NAME = "$(TARGET_NAME)";
				SWIFT_EMIT_LOC_STRINGS = YES;
				SWIFT_VERSION = 5.0;
			};
			name = Release;
		};
/* End XCBuildConfiguration section */

/* Begin XCConfigurationList section */
		D3511BF8289E737F00371DD8 /* Build configuration list for PBXProject "SampleAppMac" */ = {
			isa = XCConfigurationList;
			buildConfigurations = (
				D3511C0A289E737F00371DD8 /* Debug */,
				D3511C0B289E737F00371DD8 /* Release */,
			);
			defaultConfigurationIsVisible = 0;
			defaultConfigurationName = Release;
		};
		D3511C0C289E737F00371DD8 /* Build configuration list for PBXNativeTarget "SampleAppMac" */ = {
			isa = XCConfigurationList;
			buildConfigurations = (
				D3511C0D289E737F00371DD8 /* Debug */,
				D3511C0E289E737F00371DD8 /* Release */,
			);
			defaultConfigurationIsVisible = 0;
			defaultConfigurationName = Release;
		};
/* End XCConfigurationList section */
	};
	rootObject = D3511BF5289E737F00371DD8 /* Project object */;
}
